// !$*UTF8*$!
{
	archiveVersion = 1;
	classes = {
	};
	objectVersion = 52;
	objects = {

/* Begin PBXBuildFile section */
		04D08C012546BFCE004C8C2A /* EmployeeCell.swift in Sources */ = {isa = PBXBuildFile; fileRef = 04D08BFF2546BFCE004C8C2A /* EmployeeCell.swift */; };
		04D08C022546BFCE004C8C2A /* EmployeeCell.xib in Resources */ = {isa = PBXBuildFile; fileRef = 04D08C002546BFCE004C8C2A /* EmployeeCell.xib */; };
		04D08C082546C8A9004C8C2A /* MBProgressHUD in Frameworks */ = {isa = PBXBuildFile; productRef = 04D08C072546C8A9004C8C2A /* MBProgressHUD */; };
		04D08C0B2546C9DD004C8C2A /* UILoading.swift in Sources */ = {isa = PBXBuildFile; fileRef = 04D08C0A2546C9DD004C8C2A /* UILoading.swift */; };
		04D08C112546CE6F004C8C2A /* EmployeeViewProxy.swift in Sources */ = {isa = PBXBuildFile; fileRef = 04D08C102546CE6F004C8C2A /* EmployeeViewProxy.swift */; };
		04D08C152546CEE0004C8C2A /* EmployeePresenter.swift in Sources */ = {isa = PBXBuildFile; fileRef = 04D08C142546CEE0004C8C2A /* EmployeePresenter.swift */; };
		04E6579725467C79004B9944 /* AppDelegate.swift in Sources */ = {isa = PBXBuildFile; fileRef = 04E6579625467C79004B9944 /* AppDelegate.swift */; };
		04E6579925467C79004B9944 /* SceneDelegate.swift in Sources */ = {isa = PBXBuildFile; fileRef = 04E6579825467C79004B9944 /* SceneDelegate.swift */; };
		04E6579B25467C79004B9944 /* EmployeeViewController.swift in Sources */ = {isa = PBXBuildFile; fileRef = 04E6579A25467C79004B9944 /* EmployeeViewController.swift */; };
		04E6579E25467C79004B9944 /* Main.storyboard in Resources */ = {isa = PBXBuildFile; fileRef = 04E6579C25467C79004B9944 /* Main.storyboard */; };
		04E657A025467C7A004B9944 /* Assets.xcassets in Resources */ = {isa = PBXBuildFile; fileRef = 04E6579F25467C7A004B9944 /* Assets.xcassets */; };
		04E657A325467C7A004B9944 /* LaunchScreen.storyboard in Resources */ = {isa = PBXBuildFile; fileRef = 04E657A125467C7A004B9944 /* LaunchScreen.storyboard */; };
		04E657AC25467CFA004B9944 /* README.md in Resources */ = {isa = PBXBuildFile; fileRef = 04E657AB25467CFA004B9944 /* README.md */; };
		04FCC3E92546B59A006FA78F /* Employees.swift in Sources */ = {isa = PBXBuildFile; fileRef = 04FCC3E82546B59A006FA78F /* Employees.swift */; };
		04FCC3EC2546B692006FA78F /* APIService.swift in Sources */ = {isa = PBXBuildFile; fileRef = 04FCC3EB2546B692006FA78F /* APIService.swift */; };
		04FCC3F32546BA98006FA78F /* GenericDataSource.swift in Sources */ = {isa = PBXBuildFile; fileRef = 04FCC3F22546BA98006FA78F /* GenericDataSource.swift */; };
/* End PBXBuildFile section */

/* Begin PBXFileReference section */
		04D08BFF2546BFCE004C8C2A /* EmployeeCell.swift */ = {isa = PBXFileReference; lastKnownFileType = sourcecode.swift; path = EmployeeCell.swift; sourceTree = "<group>"; };
		04D08C002546BFCE004C8C2A /* EmployeeCell.xib */ = {isa = PBXFileReference; lastKnownFileType = file.xib; path = EmployeeCell.xib; sourceTree = "<group>"; };
		04D08C0A2546C9DD004C8C2A /* UILoading.swift */ = {isa = PBXFileReference; lastKnownFileType = sourcecode.swift; path = UILoading.swift; sourceTree = "<group>"; };
		04D08C102546CE6F004C8C2A /* EmployeeViewProxy.swift */ = {isa = PBXFileReference; lastKnownFileType = sourcecode.swift; path = EmployeeViewProxy.swift; sourceTree = "<group>"; };
		04D08C142546CEE0004C8C2A /* EmployeePresenter.swift */ = {isa = PBXFileReference; lastKnownFileType = sourcecode.swift; path = EmployeePresenter.swift; sourceTree = "<group>"; };
		04E6579325467C79004B9944 /* DesignPatternInSwift.app */ = {isa = PBXFileReference; explicitFileType = wrapper.application; includeInIndex = 0; path = DesignPatternInSwift.app; sourceTree = BUILT_PRODUCTS_DIR; };
		04E6579625467C79004B9944 /* AppDelegate.swift */ = {isa = PBXFileReference; lastKnownFileType = sourcecode.swift; path = AppDelegate.swift; sourceTree = "<group>"; };
		04E6579825467C79004B9944 /* SceneDelegate.swift */ = {isa = PBXFileReference; lastKnownFileType = sourcecode.swift; path = SceneDelegate.swift; sourceTree = "<group>"; };
		04E6579A25467C79004B9944 /* EmployeeViewController.swift */ = {isa = PBXFileReference; lastKnownFileType = sourcecode.swift; path = EmployeeViewController.swift; sourceTree = "<group>"; };
		04E6579D25467C79004B9944 /* Base */ = {isa = PBXFileReference; lastKnownFileType = file.storyboard; name = Base; path = Base.lproj/Main.storyboard; sourceTree = "<group>"; };
		04E6579F25467C7A004B9944 /* Assets.xcassets */ = {isa = PBXFileReference; lastKnownFileType = folder.assetcatalog; path = Assets.xcassets; sourceTree = "<group>"; };
		04E657A225467C7A004B9944 /* Base */ = {isa = PBXFileReference; lastKnownFileType = file.storyboard; name = Base; path = Base.lproj/LaunchScreen.storyboard; sourceTree = "<group>"; };
		04E657A425467C7A004B9944 /* Info.plist */ = {isa = PBXFileReference; lastKnownFileType = text.plist.xml; path = Info.plist; sourceTree = "<group>"; };
		04E657AB25467CFA004B9944 /* README.md */ = {isa = PBXFileReference; lastKnownFileType = net.daringfireball.markdown; path = README.md; sourceTree = "<group>"; };
		04FCC3E82546B59A006FA78F /* Employees.swift */ = {isa = PBXFileReference; lastKnownFileType = sourcecode.swift; path = Employees.swift; sourceTree = "<group>"; };
		04FCC3EB2546B692006FA78F /* APIService.swift */ = {isa = PBXFileReference; lastKnownFileType = sourcecode.swift; path = APIService.swift; sourceTree = "<group>"; };
		04FCC3F22546BA98006FA78F /* GenericDataSource.swift */ = {isa = PBXFileReference; lastKnownFileType = sourcecode.swift; path = GenericDataSource.swift; sourceTree = "<group>"; };
/* End PBXFileReference section */

/* Begin PBXFrameworksBuildPhase section */
		04E6579025467C79004B9944 /* Frameworks */ = {
			isa = PBXFrameworksBuildPhase;
			buildActionMask = 2147483647;
			files = (
				04D08C082546C8A9004C8C2A /* MBProgressHUD in Frameworks */,
			);
			runOnlyForDeploymentPostprocessing = 0;
		};
/* End PBXFrameworksBuildPhase section */

/* Begin PBXGroup section */
		04D08BFD2546BF9D004C8C2A /* Cells */ = {
			isa = PBXGroup;
			children = (
				04D08BFF2546BFCE004C8C2A /* EmployeeCell.swift */,
				04D08C002546BFCE004C8C2A /* EmployeeCell.xib */,
			);
			path = Cells;
			sourceTree = "<group>";
		};
		04D08BFE2546BFA8004C8C2A /* UI */ = {
			isa = PBXGroup;
			children = (
				04D08BFD2546BF9D004C8C2A /* Cells */,
				04FCC3E32546B532006FA78F /* Controllers */,
			);
			path = UI;
			sourceTree = "<group>";
		};
		04E6578A25467C78004B9944 = {
			isa = PBXGroup;
			children = (
				04E6579525467C79004B9944 /* DesignPatternInSwift */,
				04E6579425467C79004B9944 /* Products */,
			);
			sourceTree = "<group>";
		};
		04E6579425467C79004B9944 /* Products */ = {
			isa = PBXGroup;
			children = (
				04E6579325467C79004B9944 /* DesignPatternInSwift.app */,
			);
			name = Products;
			sourceTree = "<group>";
		};
		04E6579525467C79004B9944 /* DesignPatternInSwift */ = {
			isa = PBXGroup;
			children = (
				04FCC3F12546BA60006FA78F /* Extensions */,
				04FCC3E72546B55C006FA78F /* Storyboards */,
				04FCC3E62546B54C006FA78F /* API Service */,
				04FCC3E52546B547006FA78F /* Models */,
				04D08BFE2546BFA8004C8C2A /* UI */,
				04FCC3E22546B521006FA78F /* Common */,
				04E6579F25467C7A004B9944 /* Assets.xcassets */,
				04E657A425467C7A004B9944 /* Info.plist */,
				04E657AB25467CFA004B9944 /* README.md */,
			);
			path = DesignPatternInSwift;
			sourceTree = "<group>";
		};
		04FCC3E22546B521006FA78F /* Common */ = {
			isa = PBXGroup;
			children = (
				04E6579625467C79004B9944 /* AppDelegate.swift */,
				04E6579825467C79004B9944 /* SceneDelegate.swift */,
			);
			path = Common;
			sourceTree = "<group>";
		};
		04FCC3E32546B532006FA78F /* Controllers */ = {
			isa = PBXGroup;
			children = (
				04E6579A25467C79004B9944 /* EmployeeViewController.swift */,
				04D08C102546CE6F004C8C2A /* EmployeeViewProxy.swift */,
				04D08C142546CEE0004C8C2A /* EmployeePresenter.swift */,
			);
			path = Controllers;
			sourceTree = "<group>";
		};
		04FCC3E52546B547006FA78F /* Models */ = {
			isa = PBXGroup;
			children = (
				04FCC3E82546B59A006FA78F /* Employees.swift */,
			);
			path = Models;
			sourceTree = "<group>";
		};
		04FCC3E62546B54C006FA78F /* API Service */ = {
			isa = PBXGroup;
			children = (
				04FCC3EB2546B692006FA78F /* APIService.swift */,
			);
			path = "API Service";
			sourceTree = "<group>";
		};
		04FCC3E72546B55C006FA78F /* Storyboards */ = {
			isa = PBXGroup;
			children = (
				04E6579C25467C79004B9944 /* Main.storyboard */,
				04E657A125467C7A004B9944 /* LaunchScreen.storyboard */,
			);
			path = Storyboards;
			sourceTree = "<group>";
		};
		04FCC3F12546BA60006FA78F /* Extensions */ = {
			isa = PBXGroup;
			children = (
				04FCC3F22546BA98006FA78F /* GenericDataSource.swift */,
				04D08C0A2546C9DD004C8C2A /* UILoading.swift */,
			);
			path = Extensions;
			sourceTree = "<group>";
		};
/* End PBXGroup section */

/* Begin PBXNativeTarget section */
		04E6579225467C79004B9944 /* DesignPatternInSwift */ = {
			isa = PBXNativeTarget;
			buildConfigurationList = 04E657A725467C7A004B9944 /* Build configuration list for PBXNativeTarget "DesignPatternInSwift" */;
			buildPhases = (
				04E6578F25467C79004B9944 /* Sources */,
				04E6579025467C79004B9944 /* Frameworks */,
				04E6579125467C79004B9944 /* Resources */,
			);
			buildRules = (
			);
			dependencies = (
			);
			name = DesignPatternInSwift;
			packageProductDependencies = (
				04D08C072546C8A9004C8C2A /* MBProgressHUD */,
			);
			productName = DesignPatternInSwift;
			productReference = 04E6579325467C79004B9944 /* DesignPatternInSwift.app */;
			productType = "com.apple.product-type.application";
		};
/* End PBXNativeTarget section */

/* Begin PBXProject section */
		04E6578B25467C78004B9944 /* Project object */ = {
			isa = PBXProject;
			attributes = {
				LastSwiftUpdateCheck = 1210;
				LastUpgradeCheck = 1210;
				TargetAttributes = {
					04E6579225467C79004B9944 = {
						CreatedOnToolsVersion = 12.1;
					};
				};
			};
			buildConfigurationList = 04E6578E25467C78004B9944 /* Build configuration list for PBXProject "DesignPatternInSwift" */;
			compatibilityVersion = "Xcode 9.3";
			developmentRegion = en;
			hasScannedForEncodings = 0;
			knownRegions = (
				en,
				Base,
			);
			mainGroup = 04E6578A25467C78004B9944;
			packageReferences = (
				04D08C062546C8A9004C8C2A /* XCRemoteSwiftPackageReference "MBProgressHUD" */,
			);
			productRefGroup = 04E6579425467C79004B9944 /* Products */;
			projectDirPath = "";
			projectRoot = "";
			targets = (
				04E6579225467C79004B9944 /* DesignPatternInSwift */,
			);
		};
/* End PBXProject section */

/* Begin PBXResourcesBuildPhase section */
		04E6579125467C79004B9944 /* Resources */ = {
			isa = PBXResourcesBuildPhase;
			buildActionMask = 2147483647;
			files = (
				04E657A325467C7A004B9944 /* LaunchScreen.storyboard in Resources */,
				04E657A025467C7A004B9944 /* Assets.xcassets in Resources */,
				04E657AC25467CFA004B9944 /* README.md in Resources */,
				04E6579E25467C79004B9944 /* Main.storyboard in Resources */,
				04D08C022546BFCE004C8C2A /* EmployeeCell.xib in Resources */,
			);
			runOnlyForDeploymentPostprocessing = 0;
		};
/* End PBXResourcesBuildPhase section */

/* Begin PBXSourcesBuildPhase section */
		04E6578F25467C79004B9944 /* Sources */ = {
			isa = PBXSourcesBuildPhase;
			buildActionMask = 2147483647;
			files = (
				04E6579B25467C79004B9944 /* EmployeeViewController.swift in Sources */,
				04D08C112546CE6F004C8C2A /* EmployeeViewProxy.swift in Sources */,
				04FCC3EC2546B692006FA78F /* APIService.swift in Sources */,
				04FCC3E92546B59A006FA78F /* Employees.swift in Sources */,
				04E6579725467C79004B9944 /* AppDelegate.swift in Sources */,
				04D08C0B2546C9DD004C8C2A /* UILoading.swift in Sources */,
				04FCC3F32546BA98006FA78F /* GenericDataSource.swift in Sources */,
				04D08C012546BFCE004C8C2A /* EmployeeCell.swift in Sources */,
				04E6579925467C79004B9944 /* SceneDelegate.swift in Sources */,
				04D08C152546CEE0004C8C2A /* EmployeePresenter.swift in Sources */,
			);
			runOnlyForDeploymentPostprocessing = 0;
		};
/* End PBXSourcesBuildPhase section */

/* Begin PBXVariantGroup section */
		04E6579C25467C79004B9944 /* Main.storyboard */ = {
			isa = PBXVariantGroup;
			children = (
				04E6579D25467C79004B9944 /* Base */,
			);
			name = Main.storyboard;
			sourceTree = "<group>";
		};
		04E657A125467C7A004B9944 /* LaunchScreen.storyboard */ = {
			isa = PBXVariantGroup;
			children = (
				04E657A225467C7A004B9944 /* Base */,
			);
			name = LaunchScreen.storyboard;
			sourceTree = "<group>";
		};
/* End PBXVariantGroup section */

/* Begin XCBuildConfiguration section */
		04E657A525467C7A004B9944 /* Debug */ = {
			isa = XCBuildConfiguration;
			buildSettings = {
				ALWAYS_SEARCH_USER_PATHS = NO;
				CLANG_ANALYZER_NONNULL = YES;
				CLANG_ANALYZER_NUMBER_OBJECT_CONVERSION = YES_AGGRESSIVE;
				CLANG_CXX_LANGUAGE_STANDARD = "gnu++14";
				CLANG_CXX_LIBRARY = "libc++";
				CLANG_ENABLE_MODULES = YES;
				CLANG_ENABLE_OBJC_ARC = YES;
				CLANG_ENABLE_OBJC_WEAK = YES;
				CLANG_WARN_BLOCK_CAPTURE_AUTORELEASING = YES;
				CLANG_WARN_BOOL_CONVERSION = YES;
				CLANG_WARN_COMMA = YES;
				CLANG_WARN_CONSTANT_CONVERSION = YES;
				CLANG_WARN_DEPRECATED_OBJC_IMPLEMENTATIONS = YES;
				CLANG_WARN_DIRECT_OBJC_ISA_USAGE = YES_ERROR;
				CLANG_WARN_DOCUMENTATION_COMMENTS = YES;
				CLANG_WARN_EMPTY_BODY = YES;
				CLANG_WARN_ENUM_CONVERSION = YES;
				CLANG_WARN_INFINITE_RECURSION = YES;
				CLANG_WARN_INT_CONVERSION = YES;
				CLANG_WARN_NON_LITERAL_NULL_CONVERSION = YES;
				CLANG_WARN_OBJC_IMPLICIT_RETAIN_SELF = YES;
				CLANG_WARN_OBJC_LITERAL_CONVERSION = YES;
				CLANG_WARN_OBJC_ROOT_CLASS = YES_ERROR;
				CLANG_WARN_QUOTED_INCLUDE_IN_FRAMEWORK_HEADER = YES;
				CLANG_WARN_RANGE_LOOP_ANALYSIS = YES;
				CLANG_WARN_STRICT_PROTOTYPES = YES;
				CLANG_WARN_SUSPICIOUS_MOVE = YES;
				CLANG_WARN_UNGUARDED_AVAILABILITY = YES_AGGRESSIVE;
				CLANG_WARN_UNREACHABLE_CODE = YES;
				CLANG_WARN__DUPLICATE_METHOD_MATCH = YES;
				COPY_PHASE_STRIP = NO;
				DEBUG_INFORMATION_FORMAT = dwarf;
				ENABLE_STRICT_OBJC_MSGSEND = YES;
				ENABLE_TESTABILITY = YES;
				GCC_C_LANGUAGE_STANDARD = gnu11;
				GCC_DYNAMIC_NO_PIC = NO;
				GCC_NO_COMMON_BLOCKS = YES;
				GCC_OPTIMIZATION_LEVEL = 0;
				GCC_PREPROCESSOR_DEFINITIONS = (
					"DEBUG=1",
					"$(inherited)",
				);
				GCC_WARN_64_TO_32_BIT_CONVERSION = YES;
				GCC_WARN_ABOUT_RETURN_TYPE = YES_ERROR;
				GCC_WARN_UNDECLARED_SELECTOR = YES;
				GCC_WARN_UNINITIALIZED_AUTOS = YES_AGGRESSIVE;
				GCC_WARN_UNUSED_FUNCTION = YES;
				GCC_WARN_UNUSED_VARIABLE = YES;
				IPHONEOS_DEPLOYMENT_TARGET = 14.1;
				MTL_ENABLE_DEBUG_INFO = INCLUDE_SOURCE;
				MTL_FAST_MATH = YES;
				ONLY_ACTIVE_ARCH = YES;
				SDKROOT = iphoneos;
				SWIFT_ACTIVE_COMPILATION_CONDITIONS = DEBUG;
				SWIFT_OPTIMIZATION_LEVEL = "-Onone";
			};
			name = Debug;
		};
		04E657A625467C7A004B9944 /* Release */ = {
			isa = XCBuildConfiguration;
			buildSettings = {
				ALWAYS_SEARCH_USER_PATHS = NO;
				CLANG_ANALYZER_NONNULL = YES;
				CLANG_ANALYZER_NUMBER_OBJECT_CONVERSION = YES_AGGRESSIVE;
				CLANG_CXX_LANGUAGE_STANDARD = "gnu++14";
				CLANG_CXX_LIBRARY = "libc++";
				CLANG_ENABLE_MODULES = YES;
				CLANG_ENABLE_OBJC_ARC = YES;
				CLANG_ENABLE_OBJC_WEAK = YES;
				CLANG_WARN_BLOCK_CAPTURE_AUTORELEASING = YES;
				CLANG_WARN_BOOL_CONVERSION = YES;
				CLANG_WARN_COMMA = YES;
				CLANG_WARN_CONSTANT_CONVERSION = YES;
				CLANG_WARN_DEPRECATED_OBJC_IMPLEMENTATIONS = YES;
				CLANG_WARN_DIRECT_OBJC_ISA_USAGE = YES_ERROR;
				CLANG_WARN_DOCUMENTATION_COMMENTS = YES;
				CLANG_WARN_EMPTY_BODY = YES;
				CLANG_WARN_ENUM_CONVERSION = YES;
				CLANG_WARN_INFINITE_RECURSION = YES;
				CLANG_WARN_INT_CONVERSION = YES;
				CLANG_WARN_NON_LITERAL_NULL_CONVERSION = YES;
				CLANG_WARN_OBJC_IMPLICIT_RETAIN_SELF = YES;
				CLANG_WARN_OBJC_LITERAL_CONVERSION = YES;
				CLANG_WARN_OBJC_ROOT_CLASS = YES_ERROR;
				CLANG_WARN_QUOTED_INCLUDE_IN_FRAMEWORK_HEADER = YES;
				CLANG_WARN_RANGE_LOOP_ANALYSIS = YES;
				CLANG_WARN_STRICT_PROTOTYPES = YES;
				CLANG_WARN_SUSPICIOUS_MOVE = YES;
				CLANG_WARN_UNGUARDED_AVAILABILITY = YES_AGGRESSIVE;
				CLANG_WARN_UNREACHABLE_CODE = YES;
				CLANG_WARN__DUPLICATE_METHOD_MATCH = YES;
				COPY_PHASE_STRIP = NO;
				DEBUG_INFORMATION_FORMAT = "dwarf-with-dsym";
				ENABLE_NS_ASSERTIONS = NO;
				ENABLE_STRICT_OBJC_MSGSEND = YES;
				GCC_C_LANGUAGE_STANDARD = gnu11;
				GCC_NO_COMMON_BLOCKS = YES;
				GCC_WARN_64_TO_32_BIT_CONVERSION = YES;
				GCC_WARN_ABOUT_RETURN_TYPE = YES_ERROR;
				GCC_WARN_UNDECLARED_SELECTOR = YES;
				GCC_WARN_UNINITIALIZED_AUTOS = YES_AGGRESSIVE;
				GCC_WARN_UNUSED_FUNCTION = YES;
				GCC_WARN_UNUSED_VARIABLE = YES;
				IPHONEOS_DEPLOYMENT_TARGET = 14.1;
				MTL_ENABLE_DEBUG_INFO = NO;
				MTL_FAST_MATH = YES;
				SDKROOT = iphoneos;
				SWIFT_COMPILATION_MODE = wholemodule;
				SWIFT_OPTIMIZATION_LEVEL = "-O";
				VALIDATE_PRODUCT = YES;
			};
			name = Release;
		};
		04E657A825467C7A004B9944 /* Debug */ = {
			isa = XCBuildConfiguration;
			buildSettings = {
				ASSETCATALOG_COMPILER_APPICON_NAME = AppIcon;
				ASSETCATALOG_COMPILER_GLOBAL_ACCENT_COLOR_NAME = AccentColor;
				CODE_SIGN_STYLE = Automatic;
				DEVELOPMENT_TEAM = K6265BR55C;
				INFOPLIST_FILE = DesignPatternInSwift/Info.plist;
				LD_RUNPATH_SEARCH_PATHS = (
					"$(inherited)",
					"@executable_path/Frameworks",
				);
				PRODUCT_BUNDLE_IDENTIFIER = vn.freelancer.DesignPatternInSwift;
				PRODUCT_NAME = "$(TARGET_NAME)";
				SWIFT_VERSION = 5.0;
				TARGETED_DEVICE_FAMILY = "1,2";
			};
			name = Debug;
		};
		04E657A925467C7A004B9944 /* Release */ = {
			isa = XCBuildConfiguration;
			buildSettings = {
				ASSETCATALOG_COMPILER_APPICON_NAME = AppIcon;
				ASSETCATALOG_COMPILER_GLOBAL_ACCENT_COLOR_NAME = AccentColor;
				CODE_SIGN_STYLE = Automatic;
				DEVELOPMENT_TEAM = K6265BR55C;
				INFOPLIST_FILE = DesignPatternInSwift/Info.plist;
				LD_RUNPATH_SEARCH_PATHS = (
					"$(inherited)",
					"@executable_path/Frameworks",
				);
				PRODUCT_BUNDLE_IDENTIFIER = vn.freelancer.DesignPatternInSwift;
				PRODUCT_NAME = "$(TARGET_NAME)";
				SWIFT_VERSION = 5.0;
				TARGETED_DEVICE_FAMILY = "1,2";
			};
			name = Release;
		};
/* End XCBuildConfiguration section */

/* Begin XCConfigurationList section */
		04E6578E25467C78004B9944 /* Build configuration list for PBXProject "DesignPatternInSwift" */ = {
			isa = XCConfigurationList;
			buildConfigurations = (
				04E657A525467C7A004B9944 /* Debug */,
				04E657A625467C7A004B9944 /* Release */,
			);
			defaultConfigurationIsVisible = 0;
			defaultConfigurationName = Release;
		};
		04E657A725467C7A004B9944 /* Build configuration list for PBXNativeTarget "DesignPatternInSwift" */ = {
			isa = XCConfigurationList;
			buildConfigurations = (
				04E657A825467C7A004B9944 /* Debug */,
				04E657A925467C7A004B9944 /* Release */,
			);
			defaultConfigurationIsVisible = 0;
			defaultConfigurationName = Release;
		};
/* End XCConfigurationList section */

/* Begin XCRemoteSwiftPackageReference section */
		04D08C062546C8A9004C8C2A /* XCRemoteSwiftPackageReference "MBProgressHUD" */ = {
			isa = XCRemoteSwiftPackageReference;
			repositoryURL = "https://github.com/jdg/MBProgressHUD";
			requirement = {
				kind = upToNextMajorVersion;
				minimumVersion = 1.2.0;
			};
		};
/* End XCRemoteSwiftPackageReference section */

/* Begin XCSwiftPackageProductDependency section */
		04D08C072546C8A9004C8C2A /* MBProgressHUD */ = {
			isa = XCSwiftPackageProductDependency;
			package = 04D08C062546C8A9004C8C2A /* XCRemoteSwiftPackageReference "MBProgressHUD" */;
			productName = MBProgressHUD;
		};
/* End XCSwiftPackageProductDependency section */
	};
	rootObject = 04E6578B25467C78004B9944 /* Project object */;
}
